<?xml version="1.0" encoding="utf-8"?>
<Project ToolsVersion="4.0" xmlns="http://schemas.microsoft.com/developer/msbuild/2003">
  <ItemGroup>
    <Filter Include="Source Files">
      <UniqueIdentifier>{4FC737F1-C7A5-4376-A066-2A32D752A2FF}</UniqueIdentifier>
      <Extensions>cpp;c;cc;cxx;c++;cppm;ixx;def;odl;idl;hpj;bat;asm;asmx</Extensions>
    </Filter>
    <Filter Include="Header Files">
      <UniqueIdentifier>{93995380-89BD-4b04-88EB-625FBE52EBFB}</UniqueIdentifier>
      <Extensions>h;hh;hpp;hxx;h++;hm;inl;inc;ipp;xsd</Extensions>
    </Filter>
    <Filter Include="Resource Files">
      <UniqueIdentifier>{67DA6AB6-F800-4c08-8B7A-83BB121AAD01}</UniqueIdentifier>
      <Extensions>rc;ico;cur;bmp;dlg;rc2;rct;bin;rgs;gif;jpg;jpeg;jpe;resx;tiff;tif;png;wav;mfcribbon-ms</Extensions>
    </Filter>
    <Filter Include="Header Files\Enums">
      <UniqueIdentifier>{881c35a9-2a2a-48c1-913b-4b5116b055c7}</UniqueIdentifier>
    </Filter>
  </ItemGroup>
  <ItemGroup>
    <ClInclude Include="Resource.h">
      <Filter>Header Files</Filter>
    </ClInclude>
    <ClInclude Include="pch.h">
      <Filter>Header Files</Filter>
    </ClInclude>
    <ClInclude Include="JoystickHatState.h">
      <Filter>Header Files\Enums</Filter>
    </ClInclude>
    <ClInclude Include="Key.h">
      <Filter>Header Files\Enums</Filter>
    </ClInclude>
    <ClInclude Include="KeyModifiers.h">
      <Filter>Header Files\Enums</Filter>
    </ClInclude>
    <ClInclude Include="MouseButton.h">
      <Filter>Header Files\Enums</Filter>
    </ClInclude>
    <ClInclude Include="Joystick.h">
      <Filter>Header Files\Enums</Filter>
    </ClInclude>
    <ClInclude Include="GamepadButton.h">
      <Filter>Header Files\Enums</Filter>
    </ClInclude>
    <ClInclude Include="GamepadAxis.h">
      <Filter>Header Files\Enums</Filter>
    </ClInclude>
    <ClInclude Include="ErrorCode.h">
      <Filter>Header Files\Enums</Filter>
    </ClInclude>
    <ClInclude Include="WindowAttribute.h">
      <Filter>Header Files\Enums</Filter>
    </ClInclude>
    <ClInclude Include="Hint.h">
      <Filter>Header Files\Enums</Filter>
    </ClInclude>
    <ClInclude Include="ClientApi.h">
      <Filter>Header Files\Enums</Filter>
    </ClInclude>
    <ClInclude Include="Robustness.h">
      <Filter>Header Files\Enums</Filter>
    </ClInclude>
    <ClInclude Include="Profile.h">
      <Filter>Header Files\Enums</Filter>
    </ClInclude>
    <ClInclude Include="InputMode.h">
      <Filter>Header Files\Enums</Filter>
    </ClInclude>
    <ClInclude Include="CursorMode.h">
      <Filter>Header Files\Enums</Filter>
    </ClInclude>
    <ClInclude Include="ReleaseBehavior.h">
      <Filter>Header Files\Enums</Filter>
    </ClInclude>
    <ClInclude Include="ContextApi.h">
      <Filter>Header Files\Enums</Filter>
    </ClInclude>
    <ClInclude Include="CursorType.h">
      <Filter>Header Files\Enums</Filter>
    </ClInclude>
    <ClInclude Include="ConnectionStatus.h">
      <Filter>Header Files\Enums</Filter>
    </ClInclude>
    <ClInclude Include="InputState.h">
      <Filter>Header Files\Enums</Filter>
    </ClInclude>
    <ClInclude Include="Monitor.h">
      <Filter>Header Files</Filter>
    </ClInclude>
    <ClInclude Include="Window.h">
      <Filter>Header Files</Filter>
    </ClInclude>
    <ClInclude Include="Cursor.h">
      <Filter>Header Files</Filter>
    </ClInclude>
    <ClInclude Include="Delegates.h">
      <Filter>Header Files</Filter>
    </ClInclude>
    <ClInclude Include="GammaRamp.h">
      <Filter>Header Files</Filter>
    </ClInclude>
    <ClInclude Include="VideoMode.h">
      <Filter>Header Files</Filter>
    </ClInclude>
    <ClInclude Include="Image.h">
      <Filter>Header Files</Filter>
    </ClInclude>
    <ClInclude Include="GamepadState.h">
      <Filter>Header Files</Filter>
    </ClInclude>
    <ClInclude Include="Glfw.h">
      <Filter>Header Files</Filter>
    </ClInclude>
    <ClInclude Include="Utilities.h">
      <Filter>Header Files</Filter>
    </ClInclude>
  </ItemGroup>
  <ItemGroup>
    <ClCompile Include="AssemblyInfo.cpp">
      <Filter>Source Files</Filter>
    </ClCompile>
    <ClCompile Include="pch.cpp">
      <Filter>Source Files</Filter>
    </ClCompile>
    <ClCompile Include="Glfw.cpp">
      <Filter>Source Files</Filter>
    </ClCompile>
    <ClCompile Include="Monitor.cpp">
      <Filter>Source Files</Filter>
    </ClCompile>
    <ClCompile Include="Window.cpp">
      <Filter>Source Files</Filter>
    </ClCompile>
  </ItemGroup>
  <ItemGroup>
    <ResourceCompile Include="app.rc">
      <Filter>Resource Files</Filter>
    </ResourceCompile>
  </ItemGroup>
  <ItemGroup>
    <Image Include="app.ico">
      <Filter>Resource Files</Filter>
    </Image>
  </ItemGroup>
</Project>